
Microsoft Visual Studio Solution File, Format Version 12.00
# Visual Studio Version 17
VisualStudioVersion = 17.0.31903.59
MinimumVisualStudioVersion = 10.0.40219.1
Project("{2150E333-8FDC-42A3-9474-1A3956D46DE8}") = "src", "src", "{05C90E3D-2303-4ACA-9FDD-AAA0D8A99E93}"
EndProject
Project("{FAE04EC0-301F-11D3-BF4B-00C04F79EFBC}") = "Tiketin.Web", "src\Tiketin.Web\Tiketin.Web.csproj", "{5537277F-C7E3-4FEF-8086-97CA7CB0A2DE}"
EndProject
Project("{2150E333-8FDC-42A3-9474-1A3956D46DE8}") = "tests", "tests", "{1F19F3B0-8528-440D-8FCA-9BE4BBC216F1}"
EndProject
Project("{FAE04EC0-301F-11D3-BF4B-00C04F79EFBC}") = "Tiketin.Tests", "tests\Tiketin.Tests\Tiketin.Tests.csproj", "{AD2F40C4-4662-44BA-992F-7760F60654AF}"
EndProject
Global
	GlobalSection(SolutionConfigurationPlatforms) = preSolution
		Debug|Any CPU = Debug|Any CPU
		Release|Any CPU = Release|Any CPU
	EndGlobalSection
	GlobalSection(SolutionProperties) = preSolution
		HideSolutionNode = FALSE
	EndGlobalSection
	GlobalSection(ProjectConfigurationPlatforms) = postSolution
		{5537277F-C7E3-4FEF-8086-97CA7CB0A2DE}.Debug|Any CPU.ActiveCfg = Debug|Any CPU
		{5537277F-C7E3-4FEF-8086-97CA7CB0A2DE}.Debug|Any CPU.Build.0 = Debug|Any CPU
		{5537277F-C7E3-4FEF-8086-97CA7CB0A2DE}.Release|Any CPU.ActiveCfg = Release|Any CPU
		{5537277F-C7E3-4FEF-8086-97CA7CB0A2DE}.Release|Any CPU.Build.0 = Release|Any CPU
		{AD2F40C4-4662-44BA-992F-7760F60654AF}.Debug|Any CPU.ActiveCfg = Debug|Any CPU
		{AD2F40C4-4662-44BA-992F-7760F60654AF}.Debug|Any CPU.Build.0 = Debug|Any CPU
		{AD2F40C4-4662-44BA-992F-7760F60654AF}.Release|Any CPU.ActiveCfg = Release|Any CPU
		{AD2F40C4-4662-44BA-992F-7760F60654AF}.Release|Any CPU.Build.0 = Release|Any CPU
	EndGlobalSection
	GlobalSection(NestedProjects) = preSolution
		{5537277F-C7E3-4FEF-8086-97CA7CB0A2DE} = {05C90E3D-2303-4ACA-9FDD-AAA0D8A99E93}
		{AD2F40C4-4662-44BA-992F-7760F60654AF} = {1F19F3B0-8528-440D-8FCA-9BE4BBC216F1}
	EndGlobalSection
EndGlobal
